// !$*UTF8*$!
{
	archiveVersion = 1;
	classes = {
	};
	objectVersion = 56;
	objects = {

/* Begin PBXBuildFile section */
		520DC0A5293990900078E9E6 /* tutorAppApp.swift in Sources */ = {isa = PBXBuildFile; fileRef = 520DC0A4293990900078E9E6 /* tutorAppApp.swift */; };
		520DC0A7293990900078E9E6 /* ContentView.swift in Sources */ = {isa = PBXBuildFile; fileRef = 520DC0A6293990900078E9E6 /* ContentView.swift */; };
		520DC0A9293990910078E9E6 /* Assets.xcassets in Resources */ = {isa = PBXBuildFile; fileRef = 520DC0A8293990910078E9E6 /* Assets.xcassets */; };
		520DC0AC293990910078E9E6 /* Preview Assets.xcassets in Resources */ = {isa = PBXBuildFile; fileRef = 520DC0AB293990910078E9E6 /* Preview Assets.xcassets */; };
		52233F8129461537005440A8 /* buttonSchemes.swift in Sources */ = {isa = PBXBuildFile; fileRef = 52233F8029461537005440A8 /* buttonSchemes.swift */; };
		52233F8329461840005440A8 /* functionsJSON.swift in Sources */ = {isa = PBXBuildFile; fileRef = 52233F8229461840005440A8 /* functionsJSON.swift */; };
		5242346C2945BE6E0086AA3B /* menubarView.swift in Sources */ = {isa = PBXBuildFile; fileRef = 5242346B2945BE6E0086AA3B /* menubarView.swift */; };
		52E1F7972946CC77009B6F2C /* viewFunctions.swift in Sources */ = {isa = PBXBuildFile; fileRef = 52E1F7962946CC77009B6F2C /* viewFunctions.swift */; };
		52E1F7992946CCDD009B6F2C /* buttonView.swift in Sources */ = {isa = PBXBuildFile; fileRef = 52E1F7982946CCDD009B6F2C /* buttonView.swift */; };
		52E1F79B2946CCF3009B6F2C /* signInView.swift in Sources */ = {isa = PBXBuildFile; fileRef = 52E1F79A2946CCF3009B6F2C /* signInView.swift */; };
		52E1F79F2946CD59009B6F2C /* extensions.swift in Sources */ = {isa = PBXBuildFile; fileRef = 52E1F79E2946CD59009B6F2C /* extensions.swift */; };
/* End PBXBuildFile section */

/* Begin PBXFileReference section */
		520DC0A1293990900078E9E6 /* tutorApp.app */ = {isa = PBXFileReference; explicitFileType = wrapper.application; includeInIndex = 0; path = tutorApp.app; sourceTree = BUILT_PRODUCTS_DIR; };
		520DC0A4293990900078E9E6 /* tutorAppApp.swift */ = {isa = PBXFileReference; lastKnownFileType = sourcecode.swift; path = tutorAppApp.swift; sourceTree = "<group>"; };
		520DC0A6293990900078E9E6 /* ContentView.swift */ = {isa = PBXFileReference; lastKnownFileType = sourcecode.swift; path = ContentView.swift; sourceTree = "<group>"; };
		520DC0A8293990910078E9E6 /* Assets.xcassets */ = {isa = PBXFileReference; lastKnownFileType = folder.assetcatalog; path = Assets.xcassets; sourceTree = "<group>"; };
		520DC0AB293990910078E9E6 /* Preview Assets.xcassets */ = {isa = PBXFileReference; lastKnownFileType = folder.assetcatalog; path = "Preview Assets.xcassets"; sourceTree = "<group>"; };
		52233F8029461537005440A8 /* buttonSchemes.swift */ = {isa = PBXFileReference; lastKnownFileType = sourcecode.swift; path = buttonSchemes.swift; sourceTree = "<group>"; };
		52233F8229461840005440A8 /* functionsJSON.swift */ = {isa = PBXFileReference; lastKnownFileType = sourcecode.swift; path = functionsJSON.swift; sourceTree = "<group>"; };
		5242346B2945BE6E0086AA3B /* menubarView.swift */ = {isa = PBXFileReference; lastKnownFileType = sourcecode.swift; path = menubarView.swift; sourceTree = "<group>"; };
		52E1F7962946CC77009B6F2C /* viewFunctions.swift */ = {isa = PBXFileReference; lastKnownFileType = sourcecode.swift; path = viewFunctions.swift; sourceTree = "<group>"; };
		52E1F7982946CCDD009B6F2C /* buttonView.swift */ = {isa = PBXFileReference; lastKnownFileType = sourcecode.swift; path = buttonView.swift; sourceTree = "<group>"; };
		52E1F79A2946CCF3009B6F2C /* signInView.swift */ = {isa = PBXFileReference; lastKnownFileType = sourcecode.swift; path = signInView.swift; sourceTree = "<group>"; };
		52E1F79E2946CD59009B6F2C /* extensions.swift */ = {isa = PBXFileReference; lastKnownFileType = sourcecode.swift; path = extensions.swift; sourceTree = "<group>"; };
/* End PBXFileReference section */

/* Begin PBXFrameworksBuildPhase section */
		520DC09E293990900078E9E6 /* Frameworks */ = {
			isa = PBXFrameworksBuildPhase;
			buildActionMask = 2147483647;
			files = (
			);
			runOnlyForDeploymentPostprocessing = 0;
		};
/* End PBXFrameworksBuildPhase section */

/* Begin PBXGroup section */
		520DC098293990900078E9E6 = {
			isa = PBXGroup;
			children = (
				520DC0A3293990900078E9E6 /* tutorApp */,
				520DC0A2293990900078E9E6 /* Products */,
			);
			sourceTree = "<group>";
		};
		520DC0A2293990900078E9E6 /* Products */ = {
			isa = PBXGroup;
			children = (
				520DC0A1293990900078E9E6 /* tutorApp.app */,
			);
			name = Products;
			sourceTree = "<group>";
		};
		520DC0A3293990900078E9E6 /* tutorApp */ = {
			isa = PBXGroup;
			children = (
				520DC0A4293990900078E9E6 /* tutorAppApp.swift */,
				520DC0A6293990900078E9E6 /* ContentView.swift */,
				52AD6C9D29475F4C0014AD50 /* Functions */,
				52AD6C9E29475F6D0014AD50 /* Views */,
				52AD6C9F29475F810014AD50 /* Schemes */,
				520DC0A8293990910078E9E6 /* Assets.xcassets */,
				520DC0AA293990910078E9E6 /* Preview Content */,
			);
			path = tutorApp;
			sourceTree = "<group>";
		};
		520DC0AA293990910078E9E6 /* Preview Content */ = {
			isa = PBXGroup;
			children = (
				520DC0AB293990910078E9E6 /* Preview Assets.xcassets */,
			);
			path = "Preview Content";
			sourceTree = "<group>";
		};
		52AD6C9D29475F4C0014AD50 /* Functions */ = {
			isa = PBXGroup;
			children = (
				52E1F7962946CC77009B6F2C /* viewFunctions.swift */,
				52233F8229461840005440A8 /* functionsJSON.swift */,
				52E1F79E2946CD59009B6F2C /* extensions.swift */,
			);
			path = Functions;
			sourceTree = "<group>";
		};
		52AD6C9E29475F6D0014AD50 /* Views */ = {
			isa = PBXGroup;
			children = (
				52E1F7982946CCDD009B6F2C /* buttonView.swift */,
				52E1F79A2946CCF3009B6F2C /* signInView.swift */,
				5242346B2945BE6E0086AA3B /* menubarView.swift */,
			);
			path = Views;
			sourceTree = "<group>";
		};
		52AD6C9F29475F810014AD50 /* Schemes */ = {
			isa = PBXGroup;
			children = (
				52233F8029461537005440A8 /* buttonSchemes.swift */,
			);
			path = Schemes;
			sourceTree = "<group>";
		};
/* End PBXGroup section */

/* Begin PBXNativeTarget section */
		520DC0A0293990900078E9E6 /* tutorApp */ = {
			isa = PBXNativeTarget;
			buildConfigurationList = 520DC0AF293990910078E9E6 /* Build configuration list for PBXNativeTarget "tutorApp" */;
			buildPhases = (
				520DC09D293990900078E9E6 /* Sources */,
				520DC09E293990900078E9E6 /* Frameworks */,
				520DC09F293990900078E9E6 /* Resources */,
			);
			buildRules = (
			);
			dependencies = (
			);
			name = tutorApp;
			productName = tutorApp;
			productReference = 520DC0A1293990900078E9E6 /* tutorApp.app */;
			productType = "com.apple.product-type.application";
		};
/* End PBXNativeTarget section */

/* Begin PBXProject section */
		520DC099293990900078E9E6 /* Project object */ = {
			isa = PBXProject;
			attributes = {
				BuildIndependentTargetsInParallel = 1;
				LastSwiftUpdateCheck = 1410;
				LastUpgradeCheck = 1410;
				TargetAttributes = {
					520DC0A0293990900078E9E6 = {
						CreatedOnToolsVersion = 14.1;
					};
				};
			};
			buildConfigurationList = 520DC09C293990900078E9E6 /* Build configuration list for PBXProject "tutorApp" */;
			compatibilityVersion = "Xcode 14.0";
			developmentRegion = en;
			hasScannedForEncodings = 0;
			knownRegions = (
				en,
				Base,
			);
			mainGroup = 520DC098293990900078E9E6;
			productRefGroup = 520DC0A2293990900078E9E6 /* Products */;
			projectDirPath = "";
			projectRoot = "";
			targets = (
				520DC0A0293990900078E9E6 /* tutorApp */,
			);
		};
/* End PBXProject section */

/* Begin PBXResourcesBuildPhase section */
		520DC09F293990900078E9E6 /* Resources */ = {
			isa = PBXResourcesBuildPhase;
			buildActionMask = 2147483647;
			files = (
				520DC0AC293990910078E9E6 /* Preview Assets.xcassets in Resources */,
				520DC0A9293990910078E9E6 /* Assets.xcassets in Resources */,
			);
			runOnlyForDeploymentPostprocessing = 0;
		};
/* End PBXResourcesBuildPhase section */

/* Begin PBXSourcesBuildPhase section */
		520DC09D293990900078E9E6 /* Sources */ = {
			isa = PBXSourcesBuildPhase;
			buildActionMask = 2147483647;
			files = (
				5242346C2945BE6E0086AA3B /* menubarView.swift in Sources */,
				52233F8329461840005440A8 /* functionsJSON.swift in Sources */,
				520DC0A7293990900078E9E6 /* ContentView.swift in Sources */,
				52E1F7992946CCDD009B6F2C /* buttonView.swift in Sources */,
				52233F8129461537005440A8 /* buttonSchemes.swift in Sources */,
				52E1F79F2946CD59009B6F2C /* extensions.swift in Sources */,
				52E1F7972946CC77009B6F2C /* viewFunctions.swift in Sources */,
				52E1F79B2946CCF3009B6F2C /* signInView.swift in Sources */,
				520DC0A5293990900078E9E6 /* tutorAppApp.swift in Sources */,
			);
			runOnlyForDeploymentPostprocessing = 0;
		};
/* End PBXSourcesBuildPhase section */

/* Begin XCBuildConfiguration section */
		520DC0AD293990910078E9E6 /* Debug */ = {
			isa = XCBuildConfiguration;
			buildSettings = {
				ALWAYS_SEARCH_USER_PATHS = NO;
				CLANG_ANALYZER_NONNULL = YES;
				CLANG_ANALYZER_NUMBER_OBJECT_CONVERSION = YES_AGGRESSIVE;
				CLANG_CXX_LANGUAGE_STANDARD = "gnu++20";
				CLANG_ENABLE_MODULES = YES;
				CLANG_ENABLE_OBJC_ARC = YES;
				CLANG_ENABLE_OBJC_WEAK = YES;
				CLANG_WARN_BLOCK_CAPTURE_AUTORELEASING = YES;
				CLANG_WARN_BOOL_CONVERSION = YES;
				CLANG_WARN_COMMA = YES;
				CLANG_WARN_CONSTANT_CONVERSION = YES;
				CLANG_WARN_DEPRECATED_OBJC_IMPLEMENTATIONS = YES;
				CLANG_WARN_DIRECT_OBJC_ISA_USAGE = YES_ERROR;
				CLANG_WARN_DOCUMENTATION_COMMENTS = YES;
				CLANG_WARN_EMPTY_BODY = YES;
				CLANG_WARN_ENUM_CONVERSION = YES;
				CLANG_WARN_INFINITE_RECURSION = YES;
				CLANG_WARN_INT_CONVERSION = YES;
				CLANG_WARN_NON_LITERAL_NULL_CONVERSION = YES;
				CLANG_WARN_OBJC_IMPLICIT_RETAIN_SELF = YES;
				CLANG_WARN_OBJC_LITERAL_CONVERSION = YES;
				CLANG_WARN_OBJC_ROOT_CLASS = YES_ERROR;
				CLANG_WARN_QUOTED_INCLUDE_IN_FRAMEWORK_HEADER = YES;
				CLANG_WARN_RANGE_LOOP_ANALYSIS = YES;
				CLANG_WARN_STRICT_PROTOTYPES = YES;
				CLANG_WARN_SUSPICIOUS_MOVE = YES;
				CLANG_WARN_UNGUARDED_AVAILABILITY = YES_AGGRESSIVE;
				CLANG_WARN_UNREACHABLE_CODE = YES;
				CLANG_WARN__DUPLICATE_METHOD_MATCH = YES;
				COPY_PHASE_STRIP = NO;
				DEBUG_INFORMATION_FORMAT = dwarf;
				ENABLE_STRICT_OBJC_MSGSEND = YES;
				ENABLE_TESTABILITY = YES;
				GCC_C_LANGUAGE_STANDARD = gnu11;
				GCC_DYNAMIC_NO_PIC = NO;
				GCC_NO_COMMON_BLOCKS = YES;
				GCC_OPTIMIZATION_LEVEL = 0;
				GCC_PREPROCESSOR_DEFINITIONS = (
					"DEBUG=1",
					"$(inherited)",
				);
				GCC_WARN_64_TO_32_BIT_CONVERSION = YES;
				GCC_WARN_ABOUT_RETURN_TYPE = YES_ERROR;
				GCC_WARN_UNDECLARED_SELECTOR = YES;
				GCC_WARN_UNINITIALIZED_AUTOS = YES_AGGRESSIVE;
				GCC_WARN_UNUSED_FUNCTION = YES;
				GCC_WARN_UNUSED_VARIABLE = YES;
				IPHONEOS_DEPLOYMENT_TARGET = 15.5;
				MTL_ENABLE_DEBUG_INFO = INCLUDE_SOURCE;
				MTL_FAST_MATH = YES;
				ONLY_ACTIVE_ARCH = YES;
				SDKROOT = iphoneos;
				SWIFT_ACTIVE_COMPILATION_CONDITIONS = DEBUG;
				SWIFT_OPTIMIZATION_LEVEL = "-Onone";
			};
			name = Debug;
		};
		520DC0AE293990910078E9E6 /* Release */ = {
			isa = XCBuildConfiguration;
			buildSettings = {
				ALWAYS_SEARCH_USER_PATHS = NO;
				CLANG_ANALYZER_NONNULL = YES;
				CLANG_ANALYZER_NUMBER_OBJECT_CONVERSION = YES_AGGRESSIVE;
				CLANG_CXX_LANGUAGE_STANDARD = "gnu++20";
				CLANG_ENABLE_MODULES = YES;
				CLANG_ENABLE_OBJC_ARC = YES;
				CLANG_ENABLE_OBJC_WEAK = YES;
				CLANG_WARN_BLOCK_CAPTURE_AUTORELEASING = YES;
				CLANG_WARN_BOOL_CONVERSION = YES;
				CLANG_WARN_COMMA = YES;
				CLANG_WARN_CONSTANT_CONVERSION = YES;
				CLANG_WARN_DEPRECATED_OBJC_IMPLEMENTATIONS = YES;
				CLANG_WARN_DIRECT_OBJC_ISA_USAGE = YES_ERROR;
				CLANG_WARN_DOCUMENTATION_COMMENTS = YES;
				CLANG_WARN_EMPTY_BODY = YES;
				CLANG_WARN_ENUM_CONVERSION = YES;
				CLANG_WARN_INFINITE_RECURSION = YES;
				CLANG_WARN_INT_CONVERSION = YES;
				CLANG_WARN_NON_LITERAL_NULL_CONVERSION = YES;
				CLANG_WARN_OBJC_IMPLICIT_RETAIN_SELF = YES;
				CLANG_WARN_OBJC_LITERAL_CONVERSION = YES;
				CLANG_WARN_OBJC_ROOT_CLASS = YES_ERROR;
				CLANG_WARN_QUOTED_INCLUDE_IN_FRAMEWORK_HEADER = YES;
				CLANG_WARN_RANGE_LOOP_ANALYSIS = YES;
				CLANG_WARN_STRICT_PROTOTYPES = YES;
				CLANG_WARN_SUSPICIOUS_MOVE = YES;
				CLANG_WARN_UNGUARDED_AVAILABILITY = YES_AGGRESSIVE;
				CLANG_WARN_UNREACHABLE_CODE = YES;
				CLANG_WARN__DUPLICATE_METHOD_MATCH = YES;
				COPY_PHASE_STRIP = NO;
				DEBUG_INFORMATION_FORMAT = "dwarf-with-dsym";
				ENABLE_NS_ASSERTIONS = NO;
				ENABLE_STRICT_OBJC_MSGSEND = YES;
				GCC_C_LANGUAGE_STANDARD = gnu11;
				GCC_NO_COMMON_BLOCKS = YES;
				GCC_WARN_64_TO_32_BIT_CONVERSION = YES;
				GCC_WARN_ABOUT_RETURN_TYPE = YES_ERROR;
				GCC_WARN_UNDECLARED_SELECTOR = YES;
				GCC_WARN_UNINITIALIZED_AUTOS = YES_AGGRESSIVE;
				GCC_WARN_UNUSED_FUNCTION = YES;
				GCC_WARN_UNUSED_VARIABLE = YES;
				IPHONEOS_DEPLOYMENT_TARGET = 15.5;
				MTL_ENABLE_DEBUG_INFO = NO;
				MTL_FAST_MATH = YES;
				SDKROOT = iphoneos;
				SWIFT_COMPILATION_MODE = wholemodule;
				SWIFT_OPTIMIZATION_LEVEL = "-O";
				VALIDATE_PRODUCT = YES;
			};
			name = Release;
		};
		520DC0B0293990910078E9E6 /* Debug */ = {
			isa = XCBuildConfiguration;
			buildSettings = {
				ASSETCATALOG_COMPILER_APPICON_NAME = AppIcon;
				ASSETCATALOG_COMPILER_GLOBAL_ACCENT_COLOR_NAME = AccentColor;
				CODE_SIGN_STYLE = Automatic;
				CURRENT_PROJECT_VERSION = 1;
				DEVELOPMENT_ASSET_PATHS = "\"tutorApp/Preview Content\"";
				DEVELOPMENT_TEAM = PLSVL88AMP;
				ENABLE_PREVIEWS = YES;
				GENERATE_INFOPLIST_FILE = YES;
				INFOPLIST_KEY_UIApplicationSceneManifest_Generation = YES;
				INFOPLIST_KEY_UIApplicationSupportsIndirectInputEvents = YES;
				INFOPLIST_KEY_UILaunchScreen_Generation = YES;
				INFOPLIST_KEY_UISupportedInterfaceOrientations_iPad = "UIInterfaceOrientationPortrait UIInterfaceOrientationPortraitUpsideDown UIInterfaceOrientationLandscapeLeft UIInterfaceOrientationLandscapeRight";
				INFOPLIST_KEY_UISupportedInterfaceOrientations_iPhone = "UIInterfaceOrientationPortrait UIInterfaceOrientationLandscapeLeft UIInterfaceOrientationLandscapeRight";
				LD_RUNPATH_SEARCH_PATHS = (
					"$(inherited)",
					"@executable_path/Frameworks",
				);
				MARKETING_VERSION = 1.0;
				PRODUCT_BUNDLE_IDENTIFIER = com.sam.tutorApp;
				PRODUCT_NAME = "$(TARGET_NAME)";
				SWIFT_EMIT_LOC_STRINGS = YES;
				SWIFT_VERSION = 5.0;
				TARGETED_DEVICE_FAMILY = "1,2";
			};
			name = Debug;
		};
		520DC0B1293990910078E9E6 /* Release */ = {
			isa = XCBuildConfiguration;
			buildSettings = {
				ASSETCATALOG_COMPILER_APPICON_NAME = AppIcon;
				ASSETCATALOG_COMPILER_GLOBAL_ACCENT_COLOR_NAME = AccentColor;
				CODE_SIGN_STYLE = Automatic;
				CURRENT_PROJECT_VERSION = 1;
				DEVELOPMENT_ASSET_PATHS = "\"tutorApp/Preview Content\"";
				DEVELOPMENT_TEAM = PLSVL88AMP;
				ENABLE_PREVIEWS = YES;
				GENERATE_INFOPLIST_FILE = YES;
				INFOPLIST_KEY_UIApplicationSceneManifest_Generation = YES;
				INFOPLIST_KEY_UIApplicationSupportsIndirectInputEvents = YES;
				INFOPLIST_KEY_UILaunchScreen_Generation = YES;
				INFOPLIST_KEY_UISupportedInterfaceOrientations_iPad = "UIInterfaceOrientationPortrait UIInterfaceOrientationPortraitUpsideDown UIInterfaceOrientationLandscapeLeft UIInterfaceOrientationLandscapeRight";
				INFOPLIST_KEY_UISupportedInterfaceOrientations_iPhone = "UIInterfaceOrientationPortrait UIInterfaceOrientationLandscapeLeft UIInterfaceOrientationLandscapeRight";
				LD_RUNPATH_SEARCH_PATHS = (
					"$(inherited)",
					"@executable_path/Frameworks",
				);
				MARKETING_VERSION = 1.0;
				PRODUCT_BUNDLE_IDENTIFIER = com.sam.tutorApp;
				PRODUCT_NAME = "$(TARGET_NAME)";
				SWIFT_EMIT_LOC_STRINGS = YES;
				SWIFT_VERSION = 5.0;
				TARGETED_DEVICE_FAMILY = "1,2";
			};
			name = Release;
		};
/* End XCBuildConfiguration section */

/* Begin XCConfigurationList section */
		520DC09C293990900078E9E6 /* Build configuration list for PBXProject "tutorApp" */ = {
			isa = XCConfigurationList;
			buildConfigurations = (
				520DC0AD293990910078E9E6 /* Debug */,
				520DC0AE293990910078E9E6 /* Release */,
			);
			defaultConfigurationIsVisible = 0;
			defaultConfigurationName = Release;
		};
		520DC0AF293990910078E9E6 /* Build configuration list for PBXNativeTarget "tutorApp" */ = {
			isa = XCConfigurationList;
			buildConfigurations = (
				520DC0B0293990910078E9E6 /* Debug */,
				520DC0B1293990910078E9E6 /* Release */,
			);
			defaultConfigurationIsVisible = 0;
			defaultConfigurationName = Release;
		};
/* End XCConfigurationList section */
	};
	rootObject = 520DC099293990900078E9E6 /* Project object */;
}
